lockfileVersion: '9.0'

settings:
  autoInstallPeers: true
  excludeLinksFromLockfile: false

importers:

  .:
    dependencies:
      ags:
        specifier: file:/usr/share/ags/js
        version: file:../../../usr/share/ags/js(gnim@1.9.0)

packages:

  ags@file:../../../usr/share/ags/js:
    resolution: {directory: ../../../usr/share/ags/js, type: directory}
    engines: {gjs: '>=1.79.0'}
    os: [linux]
    peerDependencies:
      gnim: ^1.9.0

  gnim@1.9.0:
    resolution: {integrity: sha512-ubtl+BkcHFYImLQN/dg7XtM6VpOMZy1KlXOF+W/QlBVFG+c07lf+hC+bAkPqkyLwL1YUEIoLtk7iXlIuhbOYPA==}
    engines: {gjs: '>=1.79.0'}

snapshots:

  ags@file:../../../usr/share/ags/js(gnim@1.9.0):
    dependencies:
      gnim: 1.9.0

  gnim@1.9.0: {}
